<Solution>
  <Folder Name="/Task0/">
    <Project Path="Tyuiu.UrlaherKA.Sprint1.Task0.V1.Lib/Tyuiu.UrlaherKA.Sprint1.Task0.V1.Lib.csproj" />
    <Project Path="Tyuiu.UrlaherKA.Sprint1.Task0.V1.Test/Tyuiu.UrlaherKA.Sprint1.Task0.V1.Test.csproj" />
    <Project Path="Tyuiu.UrlaherKA.Sprint1.Task0.V1/Tyuiu.UrlaherKA.Sprint1.Task0.V1.csproj" />
  </Folder>
  <Folder Name="/Task1/">
    <Project Path="Tyuiu.UrlaherKA.Sprint1.Task1.V24.Lib/Tyuiu.UrlaherKA.Sprint1.Task1.V24.Lib.csproj" Id="61555e32-fb98-41b0-a46d-996ffd4ff3d5" />
    <Project Path="Tyuiu.UrlaherKA.Sprint1.Task1.V24.Test/Tyuiu.UrlaherKA.Sprint1.Task1.V24.Test.csproj" Id="91d32f57-b3c2-4e69-9a95-e562befedf99" />
    <Project Path="Tyuiu.UrlaherKA.Sprint1.Task1.V24/Tyuiu.UrlaherKA.Sprint1.Task1.V24.csproj" Id="695cce63-96b9-412e-86c1-cdd293cc9549" />
  </Folder>
  <Folder Name="/Task2/">
    <Project Path="Tyuiu.UrlaherKA.Sprint1.Task2.V5.Lib/Tyuiu.UrlaherKA.Sprint1.Task2.V5.Lib.csproj" Id="7af64f1c-fd7b-4382-a8e1-1a18169d8a23" />
    <Project Path="Tyuiu.UrlaherKA.Sprint1.Task2.V5.Test/Tyuiu.UrlaherKA.Sprint1.Task2.V5.Test.csproj" Id="a7fa4966-dd04-4059-afe8-1e6babef7a54" />
    <Project Path="Tyuiu.UrlaherKA.Sprint1.Task2.V5/Tyuiu.UrlaherKA.Sprint1.Task2.V5.csproj" Id="ecf27d21-58ea-49e1-b233-770059af6cfa" />
  </Folder>
  <Folder Name="/Task3/">
    <Project Path="Tyuiu.UrlaherKA.Sprint1.Task3.V7.Lib/Tyuiu.UrlaherKA.Sprint1.Task3.V7.Lib.csproj" Id="88bcf0b9-0278-4dae-a3e4-25267b2dd2df" />
    <Project Path="Tyuiu.UrlaherKA.Sprint1.Task3.V7.Test/Tyuiu.UrlaherKA.Sprint1.Task3.V7.Test.csproj" Id="b4e6bde0-2a2f-4bed-ae1f-ed4c0146a84c" />
    <Project Path="Tyuiu.UrlaherKA.Sprint1.Task3.V7/Tyuiu.UrlaherKA.Sprint1.Task3.V7.csproj" Id="d5e117b5-e2c1-4576-a5fd-41e4cc01de68" />
  </Folder>
  <Folder Name="/Task4/">
    <Project Path="Tyuiu.UrlaherKA.Sprint1.Task4.V29.Lib/Tyuiu.UrlaherKA.Sprint1.Task4.V29.Lib.csproj" Id="6c61978c-70b8-4bd7-82cf-26a62f19985c" />
    <Project Path="Tyuiu.UrlaherKA.Sprint1.Task4.V29.Test/Tyuiu.UrlaherKA.Sprint1.Task4.V29.Test.csproj" Id="abd092d9-2ba0-40c6-84e2-db4739095609" />
    <Project Path="Tyuiu.UrlaherKA.Sprint1.Task4.V29/Tyuiu.UrlaherKA.Sprint1.Task4.V29.csproj" Id="69d199eb-37e3-445c-a0f5-c12c56985348" />
  </Folder>
  <Folder Name="/Task5/">
    <Project Path="Tyuiu.UrlaherKA.Sprint1.Task5.V5.Lib/Tyuiu.UrlaherKA.Sprint1.Task5.V5.Lib.csproj" Id="c3185c06-06bc-4c6a-99a6-58c0da0cf705" />
    <Project Path="Tyuiu.UrlaherKA.Sprint1.Task5.V5.Test/Tyuiu.UrlaherKA.Sprint1.Task5.V5.Test.csproj" Id="c2a8a7b3-3c39-44df-9cc5-886c553457ef" />
    <Project Path="Tyuiu.UrlaherKA.Sprint1.Task5.V5/Tyuiu.UrlaherKA.Sprint1.Task5.V5.csproj" Id="40c2636e-9016-4f5c-958f-a6f532f9694d" />
  </Folder>
  <Folder Name="/Task6/">
    <Project Path="Tyuiu.UrlaherKA.Sprint1.Task6.V9.Lib/Tyuiu.UrlaherKA.Sprint1.Task6.V9.Lib.csproj" Id="758b2dc1-c424-4976-b8cb-ad02f60284ef" />
    <Project Path="Tyuiu.UrlaherKA.Sprint1.Task6.V9.Test/Tyuiu.UrlaherKA.Sprint1.Task6.V9.Test.csproj" Id="b2addf3d-84e2-430a-8194-3e425e0da1e0" />
    <Project Path="Tyuiu.UrlaherKA.Sprint1.Task6.V9/Tyuiu.UrlaherKA.Sprint1.Task6.V9.csproj" Id="b15596e3-e853-466b-9dea-6999de0fca71" />
  </Folder>
  <Folder Name="/Task7/">
    <Project Path="Tyuiu.UrlaherKA.Sprint1.Task7.V26.Lib/Tyuiu.UrlaherKA.Sprint1.Task7.V26.Lib.csproj" Id="5fca1f8d-85dd-4dee-bab3-a50a809c6fc0" />
    <Project Path="Tyuiu.UrlaherKA.Sprint1.Task7.V26.Test/Tyuiu.UrlaherKA.Sprint1.Task7.V26.Test.csproj" Id="0b990b38-a004-47da-8a1d-466a234a2736" />
    <Project Path="Tyuiu.UrlaherKA.Sprint1.Task7.V26/Tyuiu.UrlaherKA.Sprint1.Task7.V26.csproj" Id="13bfd548-918a-4bb6-b997-669b66b704ec" />
  </Folder>
</Solution>
