<Solution>
  <Folder Name="/Task0/">
    <Project Path="Tyuiu.UrlaherKA.Sprint1.Task0.V1.Lib/Tyuiu.UrlaherKA.Sprint1.Task0.V1.Lib.csproj" />
    <Project Path="Tyuiu.UrlaherKA.Sprint1.Task0.V1.Test/Tyuiu.UrlaherKA.Sprint1.Task0.V1.Test.csproj" />
    <Project Path="Tyuiu.UrlaherKA.Sprint1.Task0.V1/Tyuiu.UrlaherKA.Sprint1.Task0.V1.csproj" />
  </Folder>
</Solution>
